<?xml version="1.0" encoding="utf-8"?>
<Project ToolsVersion="4.0" xmlns="http://schemas.microsoft.com/developer/msbuild/2003">
  <ItemGroup>
    <Filter Include="MyGame">
      <UniqueIdentifier>{93995380-89BD-4b04-88EB-625FBE52EBFB}</UniqueIdentifier>
      <Extensions>h;hh;hpp;hxx;h++;hm;inl;inc;ipp;xsd</Extensions>
    </Filter>
    <Filter Include="scene">
      <UniqueIdentifier>{67DA6AB6-F800-4c08-8B7A-83BB121AAD01}</UniqueIdentifier>
      <Extensions>rc;ico;cur;bmp;dlg;rc2;rct;bin;rgs;gif;jpg;jpeg;jpe;resx;tiff;tif;png;wav;mfcribbon-ms</Extensions>
    </Filter>
    <Filter Include="Collision">
      <UniqueIdentifier>{a8b2c4d5-9e7f-4b8c-9a5e-6f8d9c2e1b3a}</UniqueIdentifier>
    </Filter>
    <Filter Include="Object">
      <UniqueIdentifier>{c9c423bc-ae11-4ec8-9076-12ef0dc66417}</UniqueIdentifier>
    </Filter>
    <Filter Include="Shader">
      <UniqueIdentifier>{d65b8000-b0cc-4fba-a0a9-615e83f5f731}</UniqueIdentifier>
    </Filter>
    <Filter Include="Object\Player">
      <UniqueIdentifier>{96f89a17-9a2b-440d-a2aa-684b74ce08fb}</UniqueIdentifier>
    </Filter>
    <Filter Include="Object\Player\State">
      <UniqueIdentifier>{4cb39fb4-efb0-4602-94cf-025f0769bf0e}</UniqueIdentifier>
    </Filter>
    <Filter Include="Input">
      <UniqueIdentifier>{450f4fb5-36fd-4024-bcd2-b3db6b3d4f77}</UniqueIdentifier>
    </Filter>
    <Filter Include="Object\Boss">
      <UniqueIdentifier>{2eb72ef7-09cc-4ffc-9df7-2ec9f26636ad}</UniqueIdentifier>
    </Filter>
    <Filter Include="Camera">
      <UniqueIdentifier>{B83E8A0D-6A37-4A88-8BC7-D45E82E0C234}</UniqueIdentifier>
    </Filter>
    <Filter Include="CameraSystem">
      <UniqueIdentifier>{0312f1a8-e010-49cd-8145-fa5b444de6dd}</UniqueIdentifier>
    </Filter>
    <Filter Include="CameraSystem\CameraAnimationEditor">
      <UniqueIdentifier>{a1b2c3d4-e5f6-7890-abcd-ef1234567890}</UniqueIdentifier>
    </Filter>
    <Filter Include="CameraSystem\Controller">
      <UniqueIdentifier>{f57ae9da-7b8a-4870-ae5e-44402f6a7ed3}</UniqueIdentifier>
    </Filter>
  </ItemGroup>
  <ItemGroup>
    <ClCompile Include="MyGame\MyGame.cpp">
      <Filter>MyGame</Filter>
    </ClCompile>
    <ClCompile Include="FollowCamera\FollowCamera.cpp">
      <Filter>Camera</Filter>
    </ClCompile>
    <ClCompile Include="scene\GameScene.cpp">
      <Filter>scene</Filter>
    </ClCompile>
    <ClCompile Include="scene\SampleScene.cpp">
      <Filter>scene</Filter>
    </ClCompile>
    <ClCompile Include="scene\SceneFactory.cpp">
      <Filter>scene</Filter>
    </ClCompile>
    <ClCompile Include="scene\TitleScene.cpp">
      <Filter>scene</Filter>
    </ClCompile>
    <ClCompile Include="main.cpp" />
    <ClCompile Include="Object\Player\State\IdleState.cpp">
      <Filter>Object\Player\State</Filter>
    </ClCompile>
    <ClCompile Include="Object\Player\State\PlayerState.cpp">
      <Filter>Object\Player\State</Filter>
    </ClCompile>
    <ClCompile Include="Object\Player\State\PlayerStateMachine.cpp">
      <Filter>Object\Player\State</Filter>
    </ClCompile>
    <ClCompile Include="Object\Player\State\MoveState.cpp">
      <Filter>Object\Player\State</Filter>
    </ClCompile>
    <ClCompile Include="Object\Player\Player.cpp">
      <Filter>Object\Player</Filter>
    </ClCompile>
    <ClCompile Include="Object\Player\State\AttackState.cpp">
      <Filter>Object\Player\State</Filter>
    </ClCompile>
    <ClCompile Include="Object\Player\State\DashState.cpp">
      <Filter>Object\Player\State</Filter>
    </ClCompile>
    <ClCompile Include="Object\Player\State\ParryState.cpp">
      <Filter>Object\Player\State</Filter>
    </ClCompile>
    <ClCompile Include="Object\Player\State\ShootState.cpp">
      <Filter>Object\Player\State</Filter>
    </ClCompile>
    <ClCompile Include="Input\InputHandler.cpp">
      <Filter>Input</Filter>
    </ClCompile>
    <ClCompile Include="Object\Boss\Boss.cpp">
      <Filter>Object\Boss</Filter>
    </ClCompile>
    <ClCompile Include="scene\ClearScene.cpp">
      <Filter>scene</Filter>
    </ClCompile>
    <ClCompile Include="CameraSystem\CameraDebugUI.cpp">
      <Filter>CameraSystem</Filter>
    </ClCompile>
    <ClCompile Include="CameraSystem\CameraAnimationEditor\CameraAnimationEditor.cpp">
      <Filter>CameraSystem\CameraAnimationEditor</Filter>
    </ClCompile>
    <ClCompile Include="CameraSystem\CameraAnimationEditor\CameraAnimationTimeline.cpp">
      <Filter>CameraSystem\CameraAnimationEditor</Filter>
    </ClCompile>
    <ClCompile Include="CameraSystem\CameraAnimationEditor\CameraAnimationCurveEditor.cpp">
      <Filter>CameraSystem\CameraAnimationEditor</Filter>
    </ClCompile>
    <ClCompile Include="CameraSystem\CameraAnimationEditor\CameraAnimationHistory.cpp">
      <Filter>CameraSystem\CameraAnimationEditor</Filter>
    </ClCompile>
    <ClCompile Include="CameraSystem\CameraManager.cpp">
      <Filter>CameraSystem</Filter>
    </ClCompile>
    <ClCompile Include="CameraSystem\CameraAnimationController.cpp">
      <Filter>CameraSystem\Controller</Filter>
    </ClCompile>
    <ClCompile Include="CameraSystem\FirstPersonController.cpp">
      <Filter>CameraSystem\Controller</Filter>
    </ClCompile>
    <ClCompile Include="CameraSystem\TopDownController.cpp">
      <Filter>CameraSystem\Controller</Filter>
    </ClCompile>
    <ClCompile Include="CameraAnimation\CameraAnimation.cpp">
      <Filter>CameraSystem</Filter>
    </ClCompile>
    <ClCompile Include="Object\Player\MeleeAttackCollider.cpp">
      <Filter>Collision</Filter>
    </ClCompile>
  </ItemGroup>
  <ItemGroup>
    <ClInclude Include="Collision\CollisionTypeIdDef.h">
      <Filter>Collision</Filter>
    </ClInclude>
    <ClInclude Include="MyGame\MyGame.h">
      <Filter>MyGame</Filter>
    </ClInclude>
    <ClInclude Include="FollowCamera\FollowCamera.h">
      <Filter>Camera</Filter>
    </ClInclude>
    <ClInclude Include="scene\GameScene.h">
      <Filter>scene</Filter>
    </ClInclude>
    <ClInclude Include="scene\SampleScene.h">
      <Filter>scene</Filter>
    </ClInclude>
    <ClInclude Include="scene\SceneFactory.h">
      <Filter>scene</Filter>
    </ClInclude>
    <ClInclude Include="scene\TitleScene.h">
      <Filter>scene</Filter>
    </ClInclude>
    <ClInclude Include="Object\Player\State\IdleState.h">
      <Filter>Object\Player\State</Filter>
    </ClInclude>
    <ClInclude Include="Object\Player\State\PlayerState.h">
      <Filter>Object\Player\State</Filter>
    </ClInclude>
    <ClInclude Include="Object\Player\State\PlayerStateMachine.h">
      <Filter>Object\Player\State</Filter>
    </ClInclude>
    <ClInclude Include="Object\Player\State\MoveState.h">
      <Filter>Object\Player\State</Filter>
    </ClInclude>
    <ClInclude Include="Object\Player\Player.h">
      <Filter>Object\Player</Filter>
    </ClInclude>
    <ClInclude Include="Object\Player\State\AttackState.h">
      <Filter>Object\Player\State</Filter>
    </ClInclude>
    <ClInclude Include="Object\Player\State\DashState.h">
      <Filter>Object\Player\State</Filter>
    </ClInclude>
    <ClInclude Include="Object\Player\State\ParryState.h">
      <Filter>Object\Player\State</Filter>
    </ClInclude>
    <ClInclude Include="Object\Player\State\ShootState.h">
      <Filter>Object\Player\State</Filter>
    </ClInclude>
    <ClInclude Include="Input\InputHandler.h">
      <Filter>Input</Filter>
    </ClInclude>
    <ClInclude Include="Object\Boss\Boss.h">
      <Filter>Object\Boss</Filter>
    </ClInclude>
    <ClInclude Include="scene\ClearScene.h">
      <Filter>scene</Filter>
    </ClInclude>
    <ClInclude Include="CameraAnimation\CameraKeyframe.h">
      <Filter>Camera</Filter>
    </ClInclude>
    <ClInclude Include="CameraSystem\CameraConfig.h">
      <Filter>CameraSystem</Filter>
    </ClInclude>
    <ClInclude Include="CameraSystem\CameraDebugUI.h">
      <Filter>CameraSystem</Filter>
    </ClInclude>
    <ClInclude Include="CameraSystem\CameraAnimationEditor\CameraAnimationEditor.h">
      <Filter>CameraSystem\CameraAnimationEditor</Filter>
    </ClInclude>
    <ClInclude Include="CameraSystem\CameraAnimationEditor\CameraAnimationTimeline.h">
      <Filter>CameraSystem\CameraAnimationEditor</Filter>
    </ClInclude>
    <ClInclude Include="CameraSystem\CameraAnimationEditor\CameraAnimationCurveEditor.h">
      <Filter>CameraSystem\CameraAnimationEditor</Filter>
    </ClInclude>
    <ClInclude Include="CameraSystem\CameraAnimationEditor\CameraAnimationHistory.h">
      <Filter>CameraSystem\CameraAnimationEditor</Filter>
    </ClInclude>
    <ClInclude Include="CameraSystem\CameraManager.h">
      <Filter>CameraSystem</Filter>
    </ClInclude>
    <ClInclude Include="CameraSystem\CameraAnimationController.h">
      <Filter>CameraSystem\Controller</Filter>
    </ClInclude>
    <ClInclude Include="CameraSystem\FirstPersonController.h">
      <Filter>CameraSystem\Controller</Filter>
    </ClInclude>
    <ClInclude Include="CameraSystem\ICameraController.h">
      <Filter>CameraSystem\Controller</Filter>
    </ClInclude>
    <ClInclude Include="CameraSystem\TopDownController.h">
      <Filter>CameraSystem\Controller</Filter>
    </ClInclude>
    <ClInclude Include="CameraAnimation\CameraAnimation.h">
      <Filter>CameraSystem</Filter>
    </ClInclude>
    <ClInclude Include="Object\Player\MeleeAttackCollider.h">
      <Filter>Collision</Filter>
    </ClInclude>
  </ItemGroup>
  <ItemGroup>
    <FxCompile Include="resources\shaders\2D.PS.hlsl">
      <Filter>Shader</Filter>
    </FxCompile>
    <FxCompile Include="resources\shaders\2D.VS.hlsl">
      <Filter>Shader</Filter>
    </FxCompile>
    <FxCompile Include="resources\shaders\Bloom.PS.hlsl">
      <Filter>Shader</Filter>
    </FxCompile>
    <FxCompile Include="resources\shaders\BloomCombine.PS.hlsl">
      <Filter>Shader</Filter>
    </FxCompile>
    <FxCompile Include="resources\shaders\BloomFog.PS.hlsl">
      <Filter>Shader</Filter>
    </FxCompile>
    <FxCompile Include="resources\shaders\BWFilter.PS.hlsl">
      <Filter>Shader</Filter>
    </FxCompile>
    <FxCompile Include="resources\shaders\DepthBasedOutline.PS.hlsl">
      <Filter>Shader</Filter>
    </FxCompile>
    <FxCompile Include="resources\shaders\Dissolve.PS.hlsl">
      <Filter>Shader</Filter>
    </FxCompile>
    <FxCompile Include="resources\shaders\EmitParticle.CS.hlsl">
      <Filter>Shader</Filter>
    </FxCompile>
    <FxCompile Include="resources\shaders\Fog.PS.hlsl">
      <Filter>Shader</Filter>
    </FxCompile>
    <FxCompile Include="resources\shaders\FullScreen.VS.hlsl">
      <Filter>Shader</Filter>
    </FxCompile>
    <FxCompile Include="resources\shaders\GaussianBloom.PS.hlsl">
      <Filter>Shader</Filter>
    </FxCompile>
    <FxCompile Include="resources\shaders\GaussianBlur.PS.hlsl">
      <Filter>Shader</Filter>
    </FxCompile>
    <FxCompile Include="resources\shaders\GPUParticle.PS.hlsl">
      <Filter>Shader</Filter>
    </FxCompile>
    <FxCompile Include="resources\shaders\GPUParticle.VS.hlsl">
      <Filter>Shader</Filter>
    </FxCompile>
    <FxCompile Include="resources\shaders\GrayScale.PS.hlsl">
      <Filter>Shader</Filter>
    </FxCompile>
    <FxCompile Include="resources\shaders\HalfTone.PS.hlsl">
      <Filter>Shader</Filter>
    </FxCompile>
    <FxCompile Include="resources\shaders\InitParticle.CS.hlsl">
      <Filter>Shader</Filter>
    </FxCompile>
    <FxCompile Include="resources\shaders\LuminanceBasedOutline.PS.hlsl">
      <Filter>Shader</Filter>
    </FxCompile>
    <FxCompile Include="resources\shaders\NoEffect.PS.hlsl">
      <Filter>Shader</Filter>
    </FxCompile>
    <FxCompile Include="resources\shaders\NoTex.PS.hlsl">
      <Filter>Shader</Filter>
    </FxCompile>
    <FxCompile Include="resources\shaders\NoTex.VS.hlsl">
      <Filter>Shader</Filter>
    </FxCompile>
    <FxCompile Include="resources\shaders\Object3d.PS.hlsl">
      <Filter>Shader</Filter>
    </FxCompile>
    <FxCompile Include="resources\shaders\Object3D.VS.hlsl">
      <Filter>Shader</Filter>
    </FxCompile>
    <FxCompile Include="resources\shaders\Particle.PS.hlsl">
      <Filter>Shader</Filter>
    </FxCompile>
    <FxCompile Include="resources\shaders\Particle.VS.hlsl">
      <Filter>Shader</Filter>
    </FxCompile>
    <FxCompile Include="resources\shaders\RadialBlur.PS.hlsl">
      <Filter>Shader</Filter>
    </FxCompile>
    <FxCompile Include="resources\shaders\RGBSplit.PS.hlsl">
      <Filter>Shader</Filter>
    </FxCompile>
    <FxCompile Include="resources\shaders\ShadowMap.VS.hlsl">
      <Filter>Shader</Filter>
    </FxCompile>
    <FxCompile Include="resources\shaders\Skinning.CS.hlsl">
      <Filter>Shader</Filter>
    </FxCompile>
    <FxCompile Include="resources\shaders\SkinningObject3d.VS.hlsl">
      <Filter>Shader</Filter>
    </FxCompile>
    <FxCompile Include="resources\shaders\SkyBox.PS.hlsl">
      <Filter>Shader</Filter>
    </FxCompile>
    <FxCompile Include="resources\shaders\SkyBox.VS.hlsl">
      <Filter>Shader</Filter>
    </FxCompile>
    <FxCompile Include="resources\shaders\Sprite.PS.hlsl">
      <Filter>Shader</Filter>
    </FxCompile>
    <FxCompile Include="resources\shaders\Sprite.VS.hlsl">
      <Filter>Shader</Filter>
    </FxCompile>
    <FxCompile Include="resources\shaders\ThresholdExtract.PS.hlsl">
      <Filter>Shader</Filter>
    </FxCompile>
    <FxCompile Include="resources\shaders\UpdateParticle.CS.hlsl">
      <Filter>Shader</Filter>
    </FxCompile>
    <FxCompile Include="resources\shaders\Vignette.PS.hlsl">
      <Filter>Shader</Filter>
    </FxCompile>
    <FxCompile Include="resources\shaders\VignetteRedBloom.PS.hlsl">
      <Filter>Shader</Filter>
    </FxCompile>
    <FxCompile Include="resources\shaders\WhiteNoise.PS.hlsl">
      <Filter>Shader</Filter>
    </FxCompile>
  </ItemGroup>
  <ItemGroup>
    <None Include="resources\shaders\FullScreen.hlsli">
      <Filter>Shader</Filter>
    </None>
    <None Include="resources\shaders\NoTex.hlsli">
      <Filter>Shader</Filter>
    </None>
    <None Include="resources\shaders\Object3d.hlsli">
      <Filter>Shader</Filter>
    </None>
    <None Include="resources\shaders\Particle.hlsli">
      <Filter>Shader</Filter>
    </None>
    <None Include="resources\shaders\Random.hlsli">
      <Filter>Shader</Filter>
    </None>
    <None Include="resources\shaders\SkyBox.hlsli">
      <Filter>Shader</Filter>
    </None>
    <None Include="resources\shaders\Sprite.hlsli">
      <Filter>Shader</Filter>
    </None>
  </ItemGroup>
</Project>